
Microsoft Visual Studio Solution File, Format Version 12.00
# Visual Studio Version 16
VisualStudioVersion = 16.0.30907.101
MinimumVisualStudioVersion = 10.0.40219.1
Project("{FAE04EC0-301F-11D3-BF4B-00C04F79EFBC}") = "SampleAROWebAPI", "SampleAROWebAPI.csproj", "{2E2F6E0E-CFBC-4EA0-80D8-9A31BE464794}"
EndProject
Global
	GlobalSection(SolutionConfigurationPlatforms) = preSolution
		Debug|Any CPU = Debug|Any CPU
		Release|Any CPU = Release|Any CPU
	EndGlobalSection
	GlobalSection(ProjectConfigurationPlatforms) = postSolution
		{2E2F6E0E-CFBC-4EA0-80D8-9A31BE464794}.Debug|Any CPU.ActiveCfg = Debug|Any CPU
		{2E2F6E0E-CFBC-4EA0-80D8-9A31BE464794}.Debug|Any CPU.Build.0 = Debug|Any CPU
		{2E2F6E0E-CFBC-4EA0-80D8-9A31BE464794}.Release|Any CPU.ActiveCfg = Release|Any CPU
		{2E2F6E0E-CFBC-4EA0-80D8-9A31BE464794}.Release|Any CPU.Build.0 = Release|Any CPU
	EndGlobalSection
	GlobalSection(SolutionProperties) = preSolution
		HideSolutionNode = FALSE
	EndGlobalSection
	GlobalSection(ExtensibilityGlobals) = postSolution
		SolutionGuid = {A7AF60E9-DF47-40FF-AF9F-CA33A0A47350}
	EndGlobalSection
EndGlobal
